
Microsoft Visual Studio Solution File, Format Version 12.00
# Visual Studio Version 17
VisualStudioVersion = 17.6.33829.357
MinimumVisualStudioVersion = 10.0.40219.1
Project("{FAE04EC0-301F-11D3-BF4B-00C04F79EFBC}") = "Aula_07_funcoes", "Aula_07_funcoes\Aula_07_funcoes.csproj", "{A296215C-45A4-43DE-A267-96CAE4118B26}"
EndProject
Global
	GlobalSection(SolutionConfigurationPlatforms) = preSolution
		Debug|Any CPU = Debug|Any CPU
		Release|Any CPU = Release|Any CPU
	EndGlobalSection
	GlobalSection(ProjectConfigurationPlatforms) = postSolution
		{A296215C-45A4-43DE-A267-96CAE4118B26}.Debug|Any CPU.ActiveCfg = Debug|Any CPU
		{A296215C-45A4-43DE-A267-96CAE4118B26}.Debug|Any CPU.Build.0 = Debug|Any CPU
		{A296215C-45A4-43DE-A267-96CAE4118B26}.Release|Any CPU.ActiveCfg = Release|Any CPU
		{A296215C-45A4-43DE-A267-96CAE4118B26}.Release|Any CPU.Build.0 = Release|Any CPU
	EndGlobalSection
	GlobalSection(SolutionProperties) = preSolution
		HideSolutionNode = FALSE
	EndGlobalSection
	GlobalSection(ExtensibilityGlobals) = postSolution
		SolutionGuid = {A6B3B4DA-50BD-4F93-B746-1CA51157A35B}
	EndGlobalSection
EndGlobal
