
Microsoft Visual Studio Solution File, Format Version 12.00
# Visual Studio Version 17
VisualStudioVersion = 17.6.33829.357
MinimumVisualStudioVersion = 10.0.40219.1
Project("{FAE04EC0-301F-11D3-BF4B-00C04F79EFBC}") = "14-PROJETO-BANCOeCLIENTE", "14-PROJETO-BANCOeCLIENTE\14-PROJETO-BANCOeCLIENTE.csproj", "{36FC6E76-31DD-40B4-9A03-D6DC24F81229}"
EndProject
Global
	GlobalSection(SolutionConfigurationPlatforms) = preSolution
		Debug|Any CPU = Debug|Any CPU
		Release|Any CPU = Release|Any CPU
	EndGlobalSection
	GlobalSection(ProjectConfigurationPlatforms) = postSolution
		{36FC6E76-31DD-40B4-9A03-D6DC24F81229}.Debug|Any CPU.ActiveCfg = Debug|Any CPU
		{36FC6E76-31DD-40B4-9A03-D6DC24F81229}.Debug|Any CPU.Build.0 = Debug|Any CPU
		{36FC6E76-31DD-40B4-9A03-D6DC24F81229}.Release|Any CPU.ActiveCfg = Release|Any CPU
		{36FC6E76-31DD-40B4-9A03-D6DC24F81229}.Release|Any CPU.Build.0 = Release|Any CPU
	EndGlobalSection
	GlobalSection(SolutionProperties) = preSolution
		HideSolutionNode = FALSE
	EndGlobalSection
	GlobalSection(ExtensibilityGlobals) = postSolution
		SolutionGuid = {4B54C26D-4BAA-4AA8-89CF-C80BEAD694C3}
	EndGlobalSection
EndGlobal
