
Microsoft Visual Studio Solution File, Format Version 12.00
# Visual Studio Version 17
VisualStudioVersion = 17.6.33829.357
MinimumVisualStudioVersion = 10.0.40219.1
Project("{FAE04EC0-301F-11D3-BF4B-00C04F79EFBC}") = "Aula8_Estoque", "Aula8_Estoque\Aula8_Estoque.csproj", "{834B2D8F-B7FF-4D2F-A9F8-C636CC4073CE}"
EndProject
Global
	GlobalSection(SolutionConfigurationPlatforms) = preSolution
		Debug|Any CPU = Debug|Any CPU
		Release|Any CPU = Release|Any CPU
	EndGlobalSection
	GlobalSection(ProjectConfigurationPlatforms) = postSolution
		{834B2D8F-B7FF-4D2F-A9F8-C636CC4073CE}.Debug|Any CPU.ActiveCfg = Debug|Any CPU
		{834B2D8F-B7FF-4D2F-A9F8-C636CC4073CE}.Debug|Any CPU.Build.0 = Debug|Any CPU
		{834B2D8F-B7FF-4D2F-A9F8-C636CC4073CE}.Release|Any CPU.ActiveCfg = Release|Any CPU
		{834B2D8F-B7FF-4D2F-A9F8-C636CC4073CE}.Release|Any CPU.Build.0 = Release|Any CPU
	EndGlobalSection
	GlobalSection(SolutionProperties) = preSolution
		HideSolutionNode = FALSE
	EndGlobalSection
	GlobalSection(ExtensibilityGlobals) = postSolution
		SolutionGuid = {C2B44DC3-1817-4413-84DB-F1DD8994EC3C}
	EndGlobalSection
EndGlobal
