
Microsoft Visual Studio Solution File, Format Version 12.00
# Visual Studio Version 17
VisualStudioVersion = 17.6.33829.357
MinimumVisualStudioVersion = 10.0.40219.1
Project("{FAE04EC0-301F-11D3-BF4B-00C04F79EFBC}") = "14-CONSOLE-OBJ", "14-CONSOLE-OBJ\14-CONSOLE-OBJ.csproj", "{E0005464-DC65-46E7-8CC6-A9A129F3D8CD}"
EndProject
Global
	GlobalSection(SolutionConfigurationPlatforms) = preSolution
		Debug|Any CPU = Debug|Any CPU
		Release|Any CPU = Release|Any CPU
	EndGlobalSection
	GlobalSection(ProjectConfigurationPlatforms) = postSolution
		{E0005464-DC65-46E7-8CC6-A9A129F3D8CD}.Debug|Any CPU.ActiveCfg = Debug|Any CPU
		{E0005464-DC65-46E7-8CC6-A9A129F3D8CD}.Debug|Any CPU.Build.0 = Debug|Any CPU
		{E0005464-DC65-46E7-8CC6-A9A129F3D8CD}.Release|Any CPU.ActiveCfg = Release|Any CPU
		{E0005464-DC65-46E7-8CC6-A9A129F3D8CD}.Release|Any CPU.Build.0 = Release|Any CPU
	EndGlobalSection
	GlobalSection(SolutionProperties) = preSolution
		HideSolutionNode = FALSE
	EndGlobalSection
	GlobalSection(ExtensibilityGlobals) = postSolution
		SolutionGuid = {5F39214F-05C9-4B9A-B43F-7639F9E86C26}
	EndGlobalSection
EndGlobal
