
Microsoft Visual Studio Solution File, Format Version 12.00
# Visual Studio Version 17
VisualStudioVersion = 17.6.33829.357
MinimumVisualStudioVersion = 10.0.40219.1
Project("{FAE04EC0-301F-11D3-BF4B-00C04F79EFBC}") = "Aula_6_streaming", "Aula_6_streaming\Aula_6_streaming.csproj", "{7BDAABB2-98A5-4A4E-9C23-F45B23B99F8C}"
EndProject
Global
	GlobalSection(SolutionConfigurationPlatforms) = preSolution
		Debug|Any CPU = Debug|Any CPU
		Release|Any CPU = Release|Any CPU
	EndGlobalSection
	GlobalSection(ProjectConfigurationPlatforms) = postSolution
		{7BDAABB2-98A5-4A4E-9C23-F45B23B99F8C}.Debug|Any CPU.ActiveCfg = Debug|Any CPU
		{7BDAABB2-98A5-4A4E-9C23-F45B23B99F8C}.Debug|Any CPU.Build.0 = Debug|Any CPU
		{7BDAABB2-98A5-4A4E-9C23-F45B23B99F8C}.Release|Any CPU.ActiveCfg = Release|Any CPU
		{7BDAABB2-98A5-4A4E-9C23-F45B23B99F8C}.Release|Any CPU.Build.0 = Release|Any CPU
	EndGlobalSection
	GlobalSection(SolutionProperties) = preSolution
		HideSolutionNode = FALSE
	EndGlobalSection
	GlobalSection(ExtensibilityGlobals) = postSolution
		SolutionGuid = {CA943E10-7E46-45EB-B9F7-F56EF6505C71}
	EndGlobalSection
EndGlobal
