
Microsoft Visual Studio Solution File, Format Version 12.00
# Visual Studio Version 17
VisualStudioVersion = 17.6.33829.357
MinimumVisualStudioVersion = 10.0.40219.1
Project("{FAE04EC0-301F-11D3-BF4B-00C04F79EFBC}") = "13-CONSOLE-CLASSES-POO", "13-CONSOLE-CLASSES-POO\13-CONSOLE-CLASSES-POO.csproj", "{B1CCA02F-AEFD-4FE4-B156-8A22566EDC9F}"
EndProject
Global
	GlobalSection(SolutionConfigurationPlatforms) = preSolution
		Debug|Any CPU = Debug|Any CPU
		Release|Any CPU = Release|Any CPU
	EndGlobalSection
	GlobalSection(ProjectConfigurationPlatforms) = postSolution
		{B1CCA02F-AEFD-4FE4-B156-8A22566EDC9F}.Debug|Any CPU.ActiveCfg = Debug|Any CPU
		{B1CCA02F-AEFD-4FE4-B156-8A22566EDC9F}.Debug|Any CPU.Build.0 = Debug|Any CPU
		{B1CCA02F-AEFD-4FE4-B156-8A22566EDC9F}.Release|Any CPU.ActiveCfg = Release|Any CPU
		{B1CCA02F-AEFD-4FE4-B156-8A22566EDC9F}.Release|Any CPU.Build.0 = Release|Any CPU
	EndGlobalSection
	GlobalSection(SolutionProperties) = preSolution
		HideSolutionNode = FALSE
	EndGlobalSection
	GlobalSection(ExtensibilityGlobals) = postSolution
		SolutionGuid = {62B25A53-DC70-4BE1-A972-030A4EBBD23A}
	EndGlobalSection
EndGlobal
