
Microsoft Visual Studio Solution File, Format Version 12.00
# Visual Studio Version 17
VisualStudioVersion = 17.6.33829.357
MinimumVisualStudioVersion = 10.0.40219.1
Project("{FAE04EC0-301F-11D3-BF4B-00C04F79EFBC}") = "15-TELAS-GERENCIADOR-DE-CLIENTES", "15-TELAS-GERENCIADOR-DE-CLIENTES\15-TELAS-GERENCIADOR-DE-CLIENTES.csproj", "{FD5F08EC-22D9-4836-A1B8-12BB8DD6C30E}"
EndProject
Global
	GlobalSection(SolutionConfigurationPlatforms) = preSolution
		Debug|Any CPU = Debug|Any CPU
		Release|Any CPU = Release|Any CPU
	EndGlobalSection
	GlobalSection(ProjectConfigurationPlatforms) = postSolution
		{FD5F08EC-22D9-4836-A1B8-12BB8DD6C30E}.Debug|Any CPU.ActiveCfg = Debug|Any CPU
		{FD5F08EC-22D9-4836-A1B8-12BB8DD6C30E}.Debug|Any CPU.Build.0 = Debug|Any CPU
		{FD5F08EC-22D9-4836-A1B8-12BB8DD6C30E}.Release|Any CPU.ActiveCfg = Release|Any CPU
		{FD5F08EC-22D9-4836-A1B8-12BB8DD6C30E}.Release|Any CPU.Build.0 = Release|Any CPU
	EndGlobalSection
	GlobalSection(SolutionProperties) = preSolution
		HideSolutionNode = FALSE
	EndGlobalSection
	GlobalSection(ExtensibilityGlobals) = postSolution
		SolutionGuid = {975C5D21-76A2-4E4B-B1F5-33ECCD711FCC}
	EndGlobalSection
EndGlobal
