
Microsoft Visual Studio Solution File, Format Version 12.00
# Visual Studio Version 17
VisualStudioVersion = 17.6.33829.357
MinimumVisualStudioVersion = 10.0.40219.1
Project("{FAE04EC0-301F-11D3-BF4B-00C04F79EFBC}") = "13-TELAS-CLASSES", "13-TELAS-CLASSES\13-TELAS-CLASSES.csproj", "{7E6E9DB9-0949-4571-9462-8CCBBE19D6FD}"
EndProject
Global
	GlobalSection(SolutionConfigurationPlatforms) = preSolution
		Debug|Any CPU = Debug|Any CPU
		Release|Any CPU = Release|Any CPU
	EndGlobalSection
	GlobalSection(ProjectConfigurationPlatforms) = postSolution
		{7E6E9DB9-0949-4571-9462-8CCBBE19D6FD}.Debug|Any CPU.ActiveCfg = Debug|Any CPU
		{7E6E9DB9-0949-4571-9462-8CCBBE19D6FD}.Debug|Any CPU.Build.0 = Debug|Any CPU
		{7E6E9DB9-0949-4571-9462-8CCBBE19D6FD}.Release|Any CPU.ActiveCfg = Release|Any CPU
		{7E6E9DB9-0949-4571-9462-8CCBBE19D6FD}.Release|Any CPU.Build.0 = Release|Any CPU
	EndGlobalSection
	GlobalSection(SolutionProperties) = preSolution
		HideSolutionNode = FALSE
	EndGlobalSection
	GlobalSection(ExtensibilityGlobals) = postSolution
		SolutionGuid = {97504A40-9A4B-449D-BF59-5759DFBAC9A6}
	EndGlobalSection
EndGlobal
